<?xml version="1.0" encoding="utf-8"?>
<Project ToolsVersion="4.0" xmlns="http://schemas.microsoft.com/developer/msbuild/2003">
  <ItemGroup>
    <Filter Include="Concepts">
      <UniqueIdentifier>{acf563d3-d6bc-44b9-afce-0f8c062315a8}</UniqueIdentifier>
    </Filter>
    <Filter Include="Concepts\Header Files">
      <UniqueIdentifier>{a573c2c3-0f40-4b1e-9947-a8b841a2a934}</UniqueIdentifier>
    </Filter>
    <Filter Include="Concepts\Source Files">
      <UniqueIdentifier>{87bfa832-44f3-4baa-a7ce-085cd08f7a31}</UniqueIdentifier>
    </Filter>
    <Filter Include="Math">
      <UniqueIdentifier>{b521a562-da3d-4a9b-8574-c93a896c5cad}</UniqueIdentifier>
    </Filter>
    <Filter Include="Math\Header Files">
      <UniqueIdentifier>{16afbfc4-72b9-40c0-bbba-acf1ce1d54e8}</UniqueIdentifier>
    </Filter>
    <Filter Include="Math\Source Files">
      <UniqueIdentifier>{1249cbb7-7335-45fd-98cc-64017a956923}</UniqueIdentifier>
    </Filter>
  </ItemGroup>
  <ItemGroup>
    <ClCompile Include="HelloWorldConcept.cpp">
      <Filter>Concepts\Source Files</Filter>
    </ClCompile>
    <ClCompile Include="Math.cpp">
      <Filter>Math\Source Files</Filter>
    </ClCompile>
    <ClCompile Include="Program.cpp" />
    <ClCompile Include="ConsoleInputConcept.cpp">
      <Filter>Concepts\Source Files</Filter>
    </ClCompile>
    <ClCompile Include="ParameterTypesConcept.cpp">
      <Filter>Concepts\Source Files</Filter>
    </ClCompile>
    <ClCompile Include="ArrayAndVectorConcept.cpp">
      <Filter>Concepts\Source Files</Filter>
    </ClCompile>
    <ClCompile Include="BasicFileIOConcept.cpp">
      <Filter>Concepts\Source Files</Filter>
    </ClCompile>
    <ClCompile Include="FunctionPointerConcept.cpp">
      <Filter>Concepts\Source Files</Filter>
    </ClCompile>
    <ClCompile Include="MapAndUnorderedMapConcept.cpp">
      <Filter>Concepts\Source Files</Filter>
    </ClCompile>
    <ClCompile Include="MemoryManagementConcept.cpp">
      <Filter>Concepts\Source Files</Filter>
    </ClCompile>
    <ClCompile Include="ConstUses.cpp">
      <Filter>Concepts\Source Files</Filter>
    </ClCompile>
    <ClCompile Include="ExplicitVsImplicitConversionConcept.cpp">
      <Filter>Concepts\Source Files</Filter>
    </ClCompile>
    <ClCompile Include="CopyAndAssignmentConcept.cpp">
      <Filter>Concepts\Source Files</Filter>
    </ClCompile>
  </ItemGroup>
  <ItemGroup>
    <ClInclude Include="HelloWorldConcept.hpp">
      <Filter>Concepts\Header Files</Filter>
    </ClInclude>
    <ClInclude Include="IConcept.hpp">
      <Filter>Concepts\Header Files</Filter>
    </ClInclude>
    <ClInclude Include="Math.hpp">
      <Filter>Math\Header Files</Filter>
    </ClInclude>
    <ClInclude Include="Interface.hpp" />
    <ClInclude Include="ConsoleInputConcept.hpp">
      <Filter>Concepts\Header Files</Filter>
    </ClInclude>
    <ClInclude Include="ParameterTypesConcept.hpp">
      <Filter>Concepts\Header Files</Filter>
    </ClInclude>
    <ClInclude Include="ArrayAndVectorConcept.hpp">
      <Filter>Concepts\Header Files</Filter>
    </ClInclude>
    <ClInclude Include="BasicFileIOConcept.hpp">
      <Filter>Concepts\Header Files</Filter>
    </ClInclude>
    <ClInclude Include="FunctionPointerConcept.hpp">
      <Filter>Concepts\Header Files</Filter>
    </ClInclude>
    <ClInclude Include="MapAndUnorderedMapConcept.hpp">
      <Filter>Concepts\Header Files</Filter>
    </ClInclude>
    <ClInclude Include="MemoryManagementConcept.hpp">
      <Filter>Concepts\Header Files</Filter>
    </ClInclude>
    <ClInclude Include="ConstUsesConcept.hpp">
      <Filter>Concepts\Header Files</Filter>
    </ClInclude>
    <ClInclude Include="ExplicitVsImplicitConversionConcept.hpp">
      <Filter>Concepts\Header Files</Filter>
    </ClInclude>
    <ClInclude Include="CopyAndAssignmentConcept.hpp">
      <Filter>Concepts\Header Files</Filter>
    </ClInclude>
  </ItemGroup>
  <ItemGroup>
    <Text Include="test.txt" />
  </ItemGroup>
</Project>